{
  "version": 4,
  "terraform_version": "1.3.6",
  "serial": 57,
  "lineage": "26bbb969-7f73-7e67-90fe-85159c01a209",
  "outputs": {},
  "resources": [
    {
      "mode": "managed",
      "type": "azurerm_availability_set",
      "name": "aset1",
      "provider": "provider[\"registry.terraform.io/hashicorp/azurerm\"]",
      "instances": [
        {
          "schema_version": 0,
          "attributes": {
            "id": "/subscriptions/9d6eeb23-d5d9-43e9-913e-9e79b549a82a/resourceGroups/terratest/providers/Microsoft.Compute/availabilitySets/aset1",
            "location": "eastus",
            "managed": true,
            "name": "aset1",
            "platform_fault_domain_count": 3,
            "platform_update_domain_count": 3,
            "proximity_placement_group_id": null,
            "resource_group_name": "terratest",
            "tags": null,
            "timeouts": null
          },
          "sensitive_attributes": [],
          "private": "eyJlMmJmYjczMC1lY2FhLTExZTYtOGY4OC0zNDM2M2JjN2M0YzAiOnsiY3JlYXRlIjoxODAwMDAwMDAwMDAwLCJkZWxldGUiOjE4MDAwMDAwMDAwMDAsInJlYWQiOjMwMDAwMDAwMDAwMCwidXBkYXRlIjoxODAwMDAwMDAwMDAwfX0=",
          "dependencies": [
            "azurerm_resource_group.rg1"
          ]
        }
      ]
    },
    {
      "mode": "managed",
      "type": "azurerm_managed_disk",
      "name": "mdisk1",
      "provider": "provider[\"registry.terraform.io/hashicorp/azurerm\"]",
      "instances": [
        {
          "schema_version": 1,
          "attributes": {
            "create_option": "Empty",
            "disk_access_id": "",
            "disk_encryption_set_id": "",
            "disk_iops_read_only": 0,
            "disk_iops_read_write": 500,
            "disk_mbps_read_only": 0,
            "disk_mbps_read_write": 60,
            "disk_size_gb": 1,
            "edge_zone": "",
            "encryption_settings": [],
            "gallery_image_reference_id": "",
            "hyper_v_generation": "",
            "id": "/subscriptions/9d6eeb23-d5d9-43e9-913e-9e79b549a82a/resourceGroups/terratest/providers/Microsoft.Compute/disks/mdisk1",
            "image_reference_id": "",
            "location": "eastus",
            "logical_sector_size": null,
            "max_shares": 0,
            "name": "mdisk1",
            "network_access_policy": null,
            "on_demand_bursting_enabled": false,
            "os_type": "",
            "public_network_access_enabled": true,
            "resource_group_name": "terratest",
            "secure_vm_disk_encryption_set_id": "",
            "security_type": "",
            "source_resource_id": "",
            "source_uri": "",
            "storage_account_id": "",
            "storage_account_type": "Standard_LRS",
            "tags": null,
            "tier": "",
            "timeouts": null,
            "trusted_launch_enabled": false,
            "upload_size_bytes": 0,
            "zone": ""
          },
          "sensitive_attributes": [],
          "private": "eyJlMmJmYjczMC1lY2FhLTExZTYtOGY4OC0zNDM2M2JjN2M0YzAiOnsiY3JlYXRlIjoxODAwMDAwMDAwMDAwLCJkZWxldGUiOjE4MDAwMDAwMDAwMDAsInJlYWQiOjMwMDAwMDAwMDAwMCwidXBkYXRlIjoxODAwMDAwMDAwMDAwfSwic2NoZW1hX3ZlcnNpb24iOiIxIn0=",
          "dependencies": [
            "azurerm_resource_group.rg1"
          ]
        }
      ]
    },
    {
      "mode": "managed",
      "type": "azurerm_network_interface",
      "name": "vm1_interface",
      "provider": "provider[\"registry.terraform.io/hashicorp/azurerm\"]",
      "instances": [
        {
          "schema_version": 0,
          "attributes": {
            "applied_dns_servers": [],
            "dns_servers": [],
            "edge_zone": "",
            "enable_accelerated_networking": false,
            "enable_ip_forwarding": false,
            "id": "/subscriptions/9d6eeb23-d5d9-43e9-913e-9e79b549a82a/resourceGroups/terratest/providers/Microsoft.Network/networkInterfaces/vm1-interface",
            "internal_dns_name_label": "",
            "internal_domain_name_suffix": "n0j1pcw5l1kerkn40uu5sx5ide.bx.internal.cloudapp.net",
            "ip_configuration": [
              {
                "gateway_load_balancer_frontend_ip_configuration_id": "",
                "name": "internal",
                "primary": true,
                "private_ip_address": "10.0.1.4",
                "private_ip_address_allocation": "Dynamic",
                "private_ip_address_version": "IPv4",
                "public_ip_address_id": "/subscriptions/9d6eeb23-d5d9-43e9-913e-9e79b549a82a/resourceGroups/terratest/providers/Microsoft.Network/publicIPAddresses/public-ip",
                "subnet_id": "/subscriptions/9d6eeb23-d5d9-43e9-913e-9e79b549a82a/resourceGroups/terratest/providers/Microsoft.Network/virtualNetworks/vnet-1/subnets/example-subnet"
              }
            ],
            "location": "eastus",
            "mac_address": "",
            "name": "vm1-interface",
            "private_ip_address": "10.0.1.4",
            "private_ip_addresses": [
              "10.0.1.4"
            ],
            "resource_group_name": "terratest",
            "tags": null,
            "timeouts": null,
            "virtual_machine_id": ""
          },
          "sensitive_attributes": [],
          "private": "eyJlMmJmYjczMC1lY2FhLTExZTYtOGY4OC0zNDM2M2JjN2M0YzAiOnsiY3JlYXRlIjoxODAwMDAwMDAwMDAwLCJkZWxldGUiOjE4MDAwMDAwMDAwMDAsInJlYWQiOjMwMDAwMDAwMDAwMCwidXBkYXRlIjoxODAwMDAwMDAwMDAwfX0=",
          "dependencies": [
            "azurerm_public_ip.public_ip",
            "azurerm_resource_group.rg1",
            "azurerm_subnet.subnet1",
            "azurerm_virtual_network.vnet1"
          ]
        }
      ]
    },
    {
      "mode": "managed",
      "type": "azurerm_public_ip",
      "name": "public_ip",
      "provider": "provider[\"registry.terraform.io/hashicorp/azurerm\"]",
      "instances": [
        {
          "schema_version": 0,
          "attributes": {
            "allocation_method": "Static",
            "ddos_protection_mode": "VirtualNetworkInherited",
            "ddos_protection_plan_id": null,
            "domain_name_label": null,
            "edge_zone": "",
            "fqdn": null,
            "id": "/subscriptions/9d6eeb23-d5d9-43e9-913e-9e79b549a82a/resourceGroups/terratest/providers/Microsoft.Network/publicIPAddresses/public-ip",
            "idle_timeout_in_minutes": 4,
            "ip_address": "20.124.240.78",
            "ip_tags": null,
            "ip_version": "IPv4",
            "location": "eastus",
            "name": "public-ip",
            "public_ip_prefix_id": null,
            "resource_group_name": "terratest",
            "reverse_fqdn": null,
            "sku": "Basic",
            "sku_tier": "Regional",
            "tags": null,
            "timeouts": null,
            "zones": null
          },
          "sensitive_attributes": [],
          "private": "eyJlMmJmYjczMC1lY2FhLTExZTYtOGY4OC0zNDM2M2JjN2M0YzAiOnsiY3JlYXRlIjoxODAwMDAwMDAwMDAwLCJkZWxldGUiOjE4MDAwMDAwMDAwMDAsInJlYWQiOjMwMDAwMDAwMDAwMCwidXBkYXRlIjoxODAwMDAwMDAwMDAwfX0=",
          "dependencies": [
            "azurerm_resource_group.rg1"
          ]
        }
      ]
    },
    {
      "mode": "managed",
      "type": "azurerm_resource_group",
      "name": "rg1",
      "provider": "provider[\"registry.terraform.io/hashicorp/azurerm\"]",
      "instances": [
        {
          "schema_version": 0,
          "attributes": {
            "id": "/subscriptions/9d6eeb23-d5d9-43e9-913e-9e79b549a82a/resourceGroups/terratest",
            "location": "eastus",
            "name": "terratest",
            "tags": null,
            "timeouts": null
          },
          "sensitive_attributes": [],
          "private": "eyJlMmJmYjczMC1lY2FhLTExZTYtOGY4OC0zNDM2M2JjN2M0YzAiOnsiY3JlYXRlIjo1NDAwMDAwMDAwMDAwLCJkZWxldGUiOjU0MDAwMDAwMDAwMDAsInJlYWQiOjMwMDAwMDAwMDAwMCwidXBkYXRlIjo1NDAwMDAwMDAwMDAwfX0="
        }
      ]
    },
    {
      "mode": "managed",
      "type": "azurerm_subnet",
      "name": "subnet1",
      "provider": "provider[\"registry.terraform.io/hashicorp/azurerm\"]",
      "instances": [
        {
          "schema_version": 0,
          "attributes": {
            "address_prefixes": [
              "10.0.1.0/24"
            ],
            "delegation": [],
            "enforce_private_link_endpoint_network_policies": false,
            "enforce_private_link_service_network_policies": false,
            "id": "/subscriptions/9d6eeb23-d5d9-43e9-913e-9e79b549a82a/resourceGroups/terratest/providers/Microsoft.Network/virtualNetworks/vnet-1/subnets/example-subnet",
            "name": "example-subnet",
            "private_endpoint_network_policies_enabled": true,
            "private_link_service_network_policies_enabled": true,
            "resource_group_name": "terratest",
            "service_endpoint_policy_ids": null,
            "service_endpoints": null,
            "timeouts": null,
            "virtual_network_name": "vnet-1"
          },
          "sensitive_attributes": [],
          "private": "eyJlMmJmYjczMC1lY2FhLTExZTYtOGY4OC0zNDM2M2JjN2M0YzAiOnsiY3JlYXRlIjoxODAwMDAwMDAwMDAwLCJkZWxldGUiOjE4MDAwMDAwMDAwMDAsInJlYWQiOjMwMDAwMDAwMDAwMCwidXBkYXRlIjoxODAwMDAwMDAwMDAwfX0=",
          "dependencies": [
            "azurerm_resource_group.rg1",
            "azurerm_virtual_network.vnet1"
          ]
        }
      ]
    },
    {
      "mode": "managed",
      "type": "azurerm_virtual_machine_data_disk_attachment",
      "name": "disk_attach1",
      "provider": "provider[\"registry.terraform.io/hashicorp/azurerm\"]",
      "instances": [
        {
          "schema_version": 0,
          "attributes": {
            "caching": "ReadWrite",
            "create_option": "Attach",
            "id": "/subscriptions/9d6eeb23-d5d9-43e9-913e-9e79b549a82a/resourceGroups/terratest/providers/Microsoft.Compute/virtualMachines/vm1/dataDisks/mdisk1",
            "lun": 10,
            "managed_disk_id": "/subscriptions/9d6eeb23-d5d9-43e9-913e-9e79b549a82a/resourceGroups/terratest/providers/Microsoft.Compute/disks/mdisk1",
            "timeouts": null,
            "virtual_machine_id": "/subscriptions/9d6eeb23-d5d9-43e9-913e-9e79b549a82a/resourceGroups/terratest/providers/Microsoft.Compute/virtualMachines/vm1",
            "write_accelerator_enabled": false
          },
          "sensitive_attributes": [],
          "private": "eyJlMmJmYjczMC1lY2FhLTExZTYtOGY4OC0zNDM2M2JjN2M0YzAiOnsiY3JlYXRlIjoxODAwMDAwMDAwMDAwLCJkZWxldGUiOjE4MDAwMDAwMDAwMDAsInJlYWQiOjMwMDAwMDAwMDAwMCwidXBkYXRlIjoxODAwMDAwMDAwMDAwfX0=",
          "dependencies": [
            "azurerm_availability_set.aset1",
            "azurerm_managed_disk.mdisk1",
            "azurerm_network_interface.vm1_interface",
            "azurerm_public_ip.public_ip",
            "azurerm_resource_group.rg1",
            "azurerm_subnet.subnet1",
            "azurerm_virtual_network.vnet1",
            "azurerm_windows_virtual_machine.vm1"
          ]
        }
      ]
    },
    {
      "mode": "managed",
      "type": "azurerm_virtual_network",
      "name": "vnet1",
      "provider": "provider[\"registry.terraform.io/hashicorp/azurerm\"]",
      "instances": [
        {
          "schema_version": 0,
          "attributes": {
            "address_space": [
              "10.0.0.0/16"
            ],
            "bgp_community": "",
            "ddos_protection_plan": [],
            "dns_servers": [],
            "edge_zone": "",
            "flow_timeout_in_minutes": 0,
            "guid": "8ab7936e-5edf-48d4-a9be-d529f95fe81c",
            "id": "/subscriptions/9d6eeb23-d5d9-43e9-913e-9e79b549a82a/resourceGroups/terratest/providers/Microsoft.Network/virtualNetworks/vnet-1",
            "location": "eastus",
            "name": "vnet-1",
            "resource_group_name": "terratest",
            "subnet": [],
            "tags": {
              "environment": "testNET"
            },
            "timeouts": null
          },
          "sensitive_attributes": [],
          "private": "eyJlMmJmYjczMC1lY2FhLTExZTYtOGY4OC0zNDM2M2JjN2M0YzAiOnsiY3JlYXRlIjoxODAwMDAwMDAwMDAwLCJkZWxldGUiOjE4MDAwMDAwMDAwMDAsInJlYWQiOjMwMDAwMDAwMDAwMCwidXBkYXRlIjoxODAwMDAwMDAwMDAwfX0=",
          "dependencies": [
            "azurerm_resource_group.rg1"
          ]
        }
      ]
    },
    {
      "mode": "managed",
      "type": "azurerm_windows_virtual_machine",
      "name": "vm1",
      "provider": "provider[\"registry.terraform.io/hashicorp/azurerm\"]",
      "instances": [
        {
          "schema_version": 0,
          "attributes": {
            "additional_capabilities": [],
            "additional_unattend_content": [],
            "admin_password": "P@$$w0rd1234!",
            "admin_username": "adminuser",
            "allow_extension_operations": true,
            "availability_set_id": "/subscriptions/9d6eeb23-d5d9-43e9-913e-9e79b549a82a/resourceGroups/terratest/providers/Microsoft.Compute/availabilitySets/ASET1",
            "boot_diagnostics": [],
            "capacity_reservation_group_id": "",
            "computer_name": "vm1",
            "custom_data": null,
            "dedicated_host_group_id": "",
            "dedicated_host_id": "",
            "edge_zone": "",
            "enable_automatic_updates": true,
            "encryption_at_host_enabled": false,
            "eviction_policy": "",
            "extensions_time_budget": "PT1H30M",
            "gallery_application": [],
            "hotpatching_enabled": false,
            "id": "/subscriptions/9d6eeb23-d5d9-43e9-913e-9e79b549a82a/resourceGroups/terratest/providers/Microsoft.Compute/virtualMachines/vm1",
            "identity": [],
            "license_type": "",
            "location": "eastus",
            "max_bid_price": -1,
            "name": "vm1",
            "network_interface_ids": [
              "/subscriptions/9d6eeb23-d5d9-43e9-913e-9e79b549a82a/resourceGroups/terratest/providers/Microsoft.Network/networkInterfaces/vm1-interface"
            ],
            "os_disk": [
              {
                "caching": "ReadWrite",
                "diff_disk_settings": [],
                "disk_encryption_set_id": "",
                "disk_size_gb": 127,
                "name": "vm1_OsDisk_1_f7fd4890561c4d28b8ad7c03b2ca5f56",
                "secure_vm_disk_encryption_set_id": "",
                "security_encryption_type": "",
                "storage_account_type": "Standard_LRS",
                "write_accelerator_enabled": false
              }
            ],
            "patch_assessment_mode": "ImageDefault",
            "patch_mode": "AutomaticByOS",
            "plan": [],
            "platform_fault_domain": -1,
            "priority": "Regular",
            "private_ip_address": "10.0.1.4",
            "private_ip_addresses": [
              "10.0.1.4"
            ],
            "provision_vm_agent": true,
            "proximity_placement_group_id": "",
            "public_ip_address": "20.124.240.78",
            "public_ip_addresses": [
              "20.124.240.78"
            ],
            "resource_group_name": "terratest",
            "secret": [],
            "secure_boot_enabled": false,
            "size": "Standard_D2s_v3",
            "source_image_id": "",
            "source_image_reference": [
              {
                "offer": "WindowsServer",
                "publisher": "MicrosoftWindowsServer",
                "sku": "2019-Datacenter",
                "version": "latest"
              }
            ],
            "tags": null,
            "termination_notification": null,
            "timeouts": null,
            "timezone": "",
            "user_data": "",
            "virtual_machine_id": "b5d786a2-499b-44cc-a54e-e8f48f0885f1",
            "virtual_machine_scale_set_id": "",
            "vtpm_enabled": false,
            "winrm_listener": [],
            "zone": ""
          },
          "sensitive_attributes": [],
          "private": "eyJlMmJmYjczMC1lY2FhLTExZTYtOGY4OC0zNDM2M2JjN2M0YzAiOnsiY3JlYXRlIjoyNzAwMDAwMDAwMDAwLCJkZWxldGUiOjI3MDAwMDAwMDAwMDAsInJlYWQiOjMwMDAwMDAwMDAwMCwidXBkYXRlIjoyNzAwMDAwMDAwMDAwfX0=",
          "dependencies": [
            "azurerm_availability_set.aset1",
            "azurerm_network_interface.vm1_interface",
            "azurerm_public_ip.public_ip",
            "azurerm_resource_group.rg1",
            "azurerm_subnet.subnet1",
            "azurerm_virtual_network.vnet1"
          ]
        }
      ]
    }
  ],
  "check_results": null
}
